
Microsoft Visual Studio Solution File, Format Version 12.00
# Visual Studio 14
VisualStudioVersion = 14.0.25420.1
MinimumVisualStudioVersion = 10.0.40219.1
Project("{8BC9CEB8-8B4A-11D0-8D11-00A0C91BC942}") = "NetWork", "src\NetWork\NetWork.vcxproj", "{17B83AB9-6A71-42F2-B5BE-4221CD699E2F}"
EndProject
Project("{8BC9CEB8-8B4A-11D0-8D11-00A0C91BC942}") = "GameServer", "src\GameServer\GameServer.vcxproj", "{1273CD2C-8470-422F-AC8B-3E7B87142C40}"
EndProject
Project("{8BC9CEB8-8B4A-11D0-8D11-00A0C91BC942}") = "GatewayServer", "src\GatewayServer\GatewayServer.vcxproj", "{0D9E9DFD-190D-401F-967D-1A2511579D26}"
	ProjectSection(ProjectDependencies) = postProject
		{7C5AB281-07A2-48B2-A704-CB4C51092435} = {7C5AB281-07A2-48B2-A704-CB4C51092435}
	EndProjectSection
EndProject
Project("{8BC9CEB8-8B4A-11D0-8D11-00A0C91BC942}") = "ServerBase", "src\ServerBase\ServerBase.vcxproj", "{7C5AB281-07A2-48B2-A704-CB4C51092435}"
	ProjectSection(ProjectDependencies) = postProject
		{17B83AB9-6A71-42F2-B5BE-4221CD699E2F} = {17B83AB9-6A71-42F2-B5BE-4221CD699E2F}
	EndProjectSection
EndProject
Global
	GlobalSection(SolutionConfigurationPlatforms) = preSolution
		Debug|x64 = Debug|x64
		Debug|x86 = Debug|x86
		Release|x64 = Release|x64
		Release|x86 = Release|x86
	EndGlobalSection
	GlobalSection(ProjectConfigurationPlatforms) = postSolution
		{17B83AB9-6A71-42F2-B5BE-4221CD699E2F}.Debug|x64.ActiveCfg = Debug|x64
		{17B83AB9-6A71-42F2-B5BE-4221CD699E2F}.Debug|x64.Build.0 = Debug|x64
		{17B83AB9-6A71-42F2-B5BE-4221CD699E2F}.Debug|x86.ActiveCfg = Debug|Win32
		{17B83AB9-6A71-42F2-B5BE-4221CD699E2F}.Debug|x86.Build.0 = Debug|Win32
		{17B83AB9-6A71-42F2-B5BE-4221CD699E2F}.Release|x64.ActiveCfg = Release|x64
		{17B83AB9-6A71-42F2-B5BE-4221CD699E2F}.Release|x64.Build.0 = Release|x64
		{17B83AB9-6A71-42F2-B5BE-4221CD699E2F}.Release|x86.ActiveCfg = Release|Win32
		{17B83AB9-6A71-42F2-B5BE-4221CD699E2F}.Release|x86.Build.0 = Release|Win32
		{1273CD2C-8470-422F-AC8B-3E7B87142C40}.Debug|x64.ActiveCfg = Debug|x64
		{1273CD2C-8470-422F-AC8B-3E7B87142C40}.Debug|x64.Build.0 = Debug|x64
		{1273CD2C-8470-422F-AC8B-3E7B87142C40}.Debug|x86.ActiveCfg = Debug|Win32
		{1273CD2C-8470-422F-AC8B-3E7B87142C40}.Debug|x86.Build.0 = Debug|Win32
		{1273CD2C-8470-422F-AC8B-3E7B87142C40}.Release|x64.ActiveCfg = Release|x64
		{1273CD2C-8470-422F-AC8B-3E7B87142C40}.Release|x64.Build.0 = Release|x64
		{1273CD2C-8470-422F-AC8B-3E7B87142C40}.Release|x86.ActiveCfg = Release|Win32
		{1273CD2C-8470-422F-AC8B-3E7B87142C40}.Release|x86.Build.0 = Release|Win32
		{0D9E9DFD-190D-401F-967D-1A2511579D26}.Debug|x64.ActiveCfg = Debug|x64
		{0D9E9DFD-190D-401F-967D-1A2511579D26}.Debug|x64.Build.0 = Debug|x64
		{0D9E9DFD-190D-401F-967D-1A2511579D26}.Debug|x86.ActiveCfg = Debug|Win32
		{0D9E9DFD-190D-401F-967D-1A2511579D26}.Debug|x86.Build.0 = Debug|Win32
		{0D9E9DFD-190D-401F-967D-1A2511579D26}.Release|x64.ActiveCfg = Release|x64
		{0D9E9DFD-190D-401F-967D-1A2511579D26}.Release|x64.Build.0 = Release|x64
		{0D9E9DFD-190D-401F-967D-1A2511579D26}.Release|x86.ActiveCfg = Release|Win32
		{0D9E9DFD-190D-401F-967D-1A2511579D26}.Release|x86.Build.0 = Release|Win32
		{7C5AB281-07A2-48B2-A704-CB4C51092435}.Debug|x64.ActiveCfg = Debug|x64
		{7C5AB281-07A2-48B2-A704-CB4C51092435}.Debug|x64.Build.0 = Debug|x64
		{7C5AB281-07A2-48B2-A704-CB4C51092435}.Debug|x86.ActiveCfg = Debug|Win32
		{7C5AB281-07A2-48B2-A704-CB4C51092435}.Debug|x86.Build.0 = Debug|Win32
		{7C5AB281-07A2-48B2-A704-CB4C51092435}.Release|x64.ActiveCfg = Release|x64
		{7C5AB281-07A2-48B2-A704-CB4C51092435}.Release|x64.Build.0 = Release|x64
		{7C5AB281-07A2-48B2-A704-CB4C51092435}.Release|x86.ActiveCfg = Release|Win32
		{7C5AB281-07A2-48B2-A704-CB4C51092435}.Release|x86.Build.0 = Release|Win32
	EndGlobalSection
	GlobalSection(SolutionProperties) = preSolution
		HideSolutionNode = FALSE
	EndGlobalSection
EndGlobal
