<?xml version="1.0" encoding="utf-8"?>
<Project ToolsVersion="4.0" xmlns="http://schemas.microsoft.com/developer/msbuild/2003">
  <ItemGroup>
    <Filter Include="NetBase">
      <UniqueIdentifier>{1eaabd01-899b-4b01-9890-b3230439de21}</UniqueIdentifier>
    </Filter>
    <Filter Include="AsioApp">
      <UniqueIdentifier>{5e79fa39-d758-4e6c-a512-a99b9aed0f38}</UniqueIdentifier>
    </Filter>
    <Filter Include="3rd">
      <UniqueIdentifier>{c605dd1f-e0f3-4989-b1d1-583ba6f75422}</UniqueIdentifier>
    </Filter>
    <Filter Include="Tools">
      <UniqueIdentifier>{b90ca092-157e-48c7-a26d-dece46b73a60}</UniqueIdentifier>
    </Filter>
  </ItemGroup>
  <ItemGroup>
    <ClInclude Include="..\..\..\src\ServerBase\AutoLocker.h">
      <Filter>NetBase</Filter>
    </ClInclude>
    <ClInclude Include="..\..\..\src\ServerBase\CircleDeque.h">
      <Filter>NetBase</Filter>
    </ClInclude>
    <ClInclude Include="..\..\..\src\ServerBase\includes.h">
      <Filter>NetBase</Filter>
    </ClInclude>
    <ClInclude Include="..\..\..\src\ServerBase\MemoryPool.h">
      <Filter>NetBase</Filter>
    </ClInclude>
    <ClInclude Include="..\..\..\src\ServerBase\NetMessage.h">
      <Filter>NetBase</Filter>
    </ClInclude>
    <ClInclude Include="..\..\..\src\ServerBase\Obj.h">
      <Filter>NetBase</Filter>
    </ClInclude>
    <ClInclude Include="..\..\..\src\ServerBase\TypeDefines.h">
      <Filter>NetBase</Filter>
    </ClInclude>
    <ClInclude Include="..\..\..\src\ServerBase\MessageQueue.h">
      <Filter>AsioApp</Filter>
    </ClInclude>
    <ClInclude Include="..\..\..\src\ServerBase\AsioClientApp.h">
      <Filter>AsioApp</Filter>
    </ClInclude>
    <ClInclude Include="..\..\..\src\ServerBase\AsioServerApp.h">
      <Filter>AsioApp</Filter>
    </ClInclude>
    <ClInclude Include="..\..\..\src\ServerBase\AsioTcpConnection.h">
      <Filter>AsioApp</Filter>
    </ClInclude>
    <ClInclude Include="..\..\..\src\ServerBase\IClient.h">
      <Filter>AsioApp</Filter>
    </ClInclude>
    <ClInclude Include="..\..\..\src\ServerBase\IServer.h">
      <Filter>AsioApp</Filter>
    </ClInclude>
    <ClInclude Include="..\..\..\src\ServerBase\Tools\JsonConfig.h">
      <Filter>Tools</Filter>
    </ClInclude>
  </ItemGroup>
  <ItemGroup>
    <ClCompile Include="..\..\..\src\ServerBase\AsioClientApp.cpp">
      <Filter>AsioApp</Filter>
    </ClCompile>
    <ClCompile Include="..\..\..\src\ServerBase\AsioServerApp.cpp">
      <Filter>AsioApp</Filter>
    </ClCompile>
    <ClCompile Include="..\..\..\src\ServerBase\AsioTcpConnection.cpp">
      <Filter>AsioApp</Filter>
    </ClCompile>
    <ClCompile Include="..\..\..\src\ServerBase\IClient.cpp">
      <Filter>AsioApp</Filter>
    </ClCompile>
    <ClCompile Include="..\..\..\src\ServerBase\IServer.cpp">
      <Filter>AsioApp</Filter>
    </ClCompile>
    <ClCompile Include="..\..\..\src\ServerBase\MessageQueue.cpp">
      <Filter>AsioApp</Filter>
    </ClCompile>
    <ClCompile Include="..\..\..\src\ServerBase\Tools\JsonConfig.cpp">
      <Filter>Tools</Filter>
    </ClCompile>
  </ItemGroup>
</Project>